
Microsoft Visual Studio Solution File, Format Version 12.00
# Visual Studio 15
VisualStudioVersion = 15.0.27428.2043
MinimumVisualStudioVersion = 10.0.40219.1
Project("{9A19103F-16F7-4668-BE54-9A1E7A4F7556}") = "Examples", "source\Examples\Examples.csproj", "{CCE68BD5-FA41-41DE-8C6B-B182A7DDEE31}"
EndProject
Project("{FAE04EC0-301F-11D3-BF4B-00C04F79EFBC}") = "MikValSor.Hashing.Test", "source\MikValSor.Hashing.Test\MikValSor.Hashing.Test.csproj", "{F7ED3CA0-F184-4E7F-8AD9-943534A32C65}"
EndProject
Project("{9A19103F-16F7-4668-BE54-9A1E7A4F7556}") = "MikValSor.Hashing", "source\MikValSor.Hashing\MikValSor.Hashing.csproj", "{6C89807E-9FDE-4449-B762-1E9268AE6F21}"
EndProject
Global
	GlobalSection(SolutionConfigurationPlatforms) = preSolution
		Debug|Any CPU = Debug|Any CPU
		Release|Any CPU = Release|Any CPU
	EndGlobalSection
	GlobalSection(ProjectConfigurationPlatforms) = postSolution
		{CCE68BD5-FA41-41DE-8C6B-B182A7DDEE31}.Debug|Any CPU.ActiveCfg = Debug|Any CPU
		{CCE68BD5-FA41-41DE-8C6B-B182A7DDEE31}.Debug|Any CPU.Build.0 = Debug|Any CPU
		{CCE68BD5-FA41-41DE-8C6B-B182A7DDEE31}.Release|Any CPU.ActiveCfg = Release|Any CPU
		{CCE68BD5-FA41-41DE-8C6B-B182A7DDEE31}.Release|Any CPU.Build.0 = Release|Any CPU
		{F7ED3CA0-F184-4E7F-8AD9-943534A32C65}.Debug|Any CPU.ActiveCfg = Debug|Any CPU
		{F7ED3CA0-F184-4E7F-8AD9-943534A32C65}.Debug|Any CPU.Build.0 = Debug|Any CPU
		{F7ED3CA0-F184-4E7F-8AD9-943534A32C65}.Release|Any CPU.ActiveCfg = Release|Any CPU
		{F7ED3CA0-F184-4E7F-8AD9-943534A32C65}.Release|Any CPU.Build.0 = Release|Any CPU
		{6C89807E-9FDE-4449-B762-1E9268AE6F21}.Debug|Any CPU.ActiveCfg = Debug|Any CPU
		{6C89807E-9FDE-4449-B762-1E9268AE6F21}.Debug|Any CPU.Build.0 = Debug|Any CPU
		{6C89807E-9FDE-4449-B762-1E9268AE6F21}.Release|Any CPU.ActiveCfg = Release|Any CPU
		{6C89807E-9FDE-4449-B762-1E9268AE6F21}.Release|Any CPU.Build.0 = Release|Any CPU
	EndGlobalSection
	GlobalSection(SolutionProperties) = preSolution
		HideSolutionNode = FALSE
	EndGlobalSection
	GlobalSection(ExtensibilityGlobals) = postSolution
		SolutionGuid = {19782F69-10F1-4D27-9A84-3C2D00B27C0B}
	EndGlobalSection
EndGlobal
